
Microsoft Visual Studio Solution File, Format Version 12.00
# Visual Studio Version 16
VisualStudioVersion = 16.0.28922.388
MinimumVisualStudioVersion = 10.0.40219.1
Project("{8BC9CEB8-8B4A-11D0-8D11-00A0C91BC942}") = "SimpleFactory", "SimpleFactory.vcxproj", "{B147C989-7E04-40D9-92D3-43A38EE7ABCD}"
EndProject
Global
	GlobalSection(SolutionConfigurationPlatforms) = preSolution
		Debug|x64 = Debug|x64
		Debug|x86 = Debug|x86
		Release|x64 = Release|x64
		Release|x86 = Release|x86
	EndGlobalSection
	GlobalSection(ProjectConfigurationPlatforms) = postSolution
		{B147C989-7E04-40D9-92D3-43A38EE7ABCD}.Debug|x64.ActiveCfg = Debug|x64
		{B147C989-7E04-40D9-92D3-43A38EE7ABCD}.Debug|x64.Build.0 = Debug|x64
		{B147C989-7E04-40D9-92D3-43A38EE7ABCD}.Debug|x86.ActiveCfg = Debug|Win32
		{B147C989-7E04-40D9-92D3-43A38EE7ABCD}.Debug|x86.Build.0 = Debug|Win32
		{B147C989-7E04-40D9-92D3-43A38EE7ABCD}.Release|x64.ActiveCfg = Release|x64
		{B147C989-7E04-40D9-92D3-43A38EE7ABCD}.Release|x64.Build.0 = Release|x64
		{B147C989-7E04-40D9-92D3-43A38EE7ABCD}.Release|x86.ActiveCfg = Release|Win32
		{B147C989-7E04-40D9-92D3-43A38EE7ABCD}.Release|x86.Build.0 = Release|Win32
	EndGlobalSection
	GlobalSection(SolutionProperties) = preSolution
		HideSolutionNode = FALSE
	EndGlobalSection
	GlobalSection(ExtensibilityGlobals) = postSolution
		SolutionGuid = {49AEC3D2-C0A4-429E-94AF-6A79CE5C7AE4}
	EndGlobalSection
EndGlobal
