
Microsoft Visual Studio Solution File, Format Version 12.00
# Visual Studio Version 16
VisualStudioVersion = 16.0.28922.388
MinimumVisualStudioVersion = 10.0.40219.1
Project("{8BC9CEB8-8B4A-11D0-8D11-00A0C91BC942}") = "FactoryMethod", "FactoryMethod.vcxproj", "{A1255806-EAD5-4D8B-A528-599592698112}"
EndProject
Global
	GlobalSection(SolutionConfigurationPlatforms) = preSolution
		Debug|x64 = Debug|x64
		Debug|x86 = Debug|x86
		Release|x64 = Release|x64
		Release|x86 = Release|x86
	EndGlobalSection
	GlobalSection(ProjectConfigurationPlatforms) = postSolution
		{A1255806-EAD5-4D8B-A528-599592698112}.Debug|x64.ActiveCfg = Debug|x64
		{A1255806-EAD5-4D8B-A528-599592698112}.Debug|x64.Build.0 = Debug|x64
		{A1255806-EAD5-4D8B-A528-599592698112}.Debug|x86.ActiveCfg = Debug|Win32
		{A1255806-EAD5-4D8B-A528-599592698112}.Debug|x86.Build.0 = Debug|Win32
		{A1255806-EAD5-4D8B-A528-599592698112}.Release|x64.ActiveCfg = Release|x64
		{A1255806-EAD5-4D8B-A528-599592698112}.Release|x64.Build.0 = Release|x64
		{A1255806-EAD5-4D8B-A528-599592698112}.Release|x86.ActiveCfg = Release|Win32
		{A1255806-EAD5-4D8B-A528-599592698112}.Release|x86.Build.0 = Release|Win32
	EndGlobalSection
	GlobalSection(SolutionProperties) = preSolution
		HideSolutionNode = FALSE
	EndGlobalSection
	GlobalSection(ExtensibilityGlobals) = postSolution
		SolutionGuid = {2E9B7FC1-73AD-4D97-B5CB-C6BC1CE3CA63}
	EndGlobalSection
EndGlobal
