
Microsoft Visual Studio Solution File, Format Version 12.00
# Visual Studio Version 16
VisualStudioVersion = 16.0.28922.388
MinimumVisualStudioVersion = 10.0.40219.1
Project("{8BC9CEB8-8B4A-11D0-8D11-00A0C91BC942}") = "Mediator", "Mediator.vcxproj", "{32CA94CB-C627-4AF0-A003-30336BE35C84}"
EndProject
Global
	GlobalSection(SolutionConfigurationPlatforms) = preSolution
		Debug|x64 = Debug|x64
		Debug|x86 = Debug|x86
		Release|x64 = Release|x64
		Release|x86 = Release|x86
	EndGlobalSection
	GlobalSection(ProjectConfigurationPlatforms) = postSolution
		{32CA94CB-C627-4AF0-A003-30336BE35C84}.Debug|x64.ActiveCfg = Debug|x64
		{32CA94CB-C627-4AF0-A003-30336BE35C84}.Debug|x64.Build.0 = Debug|x64
		{32CA94CB-C627-4AF0-A003-30336BE35C84}.Debug|x86.ActiveCfg = Debug|Win32
		{32CA94CB-C627-4AF0-A003-30336BE35C84}.Debug|x86.Build.0 = Debug|Win32
		{32CA94CB-C627-4AF0-A003-30336BE35C84}.Release|x64.ActiveCfg = Release|x64
		{32CA94CB-C627-4AF0-A003-30336BE35C84}.Release|x64.Build.0 = Release|x64
		{32CA94CB-C627-4AF0-A003-30336BE35C84}.Release|x86.ActiveCfg = Release|Win32
		{32CA94CB-C627-4AF0-A003-30336BE35C84}.Release|x86.Build.0 = Release|Win32
	EndGlobalSection
	GlobalSection(SolutionProperties) = preSolution
		HideSolutionNode = FALSE
	EndGlobalSection
	GlobalSection(ExtensibilityGlobals) = postSolution
		SolutionGuid = {22196A77-877E-432B-9BF6-93C528698369}
	EndGlobalSection
EndGlobal
